<?xml version="1.0" encoding="utf-8"?>
<Project ToolsVersion="4.0" xmlns="http://schemas.microsoft.com/developer/msbuild/2003">
  <ItemGroup>
    <Filter Include="Source Files">
      <UniqueIdentifier>{4FC737F1-C7A5-4376-A066-2A32D752A2FF}</UniqueIdentifier>
      <Extensions>cpp;c;cc;cxx;c++;cppm;ixx;def;odl;idl;hpj;bat;asm;asmx</Extensions>
    </Filter>
    <Filter Include="Header Files">
      <UniqueIdentifier>{93995380-89BD-4b04-88EB-625FBE52EBFB}</UniqueIdentifier>
      <Extensions>h;hh;hpp;hxx;h++;hm;inl;inc;ipp;xsd</Extensions>
    </Filter>
    <Filter Include="Main">
      <UniqueIdentifier>{098efe17-51f0-4860-b653-ec547c6226c0}</UniqueIdentifier>
    </Filter>
    <Filter Include="Scene">
      <UniqueIdentifier>{7df19ca0-535c-45fa-8a24-c2fdd361716d}</UniqueIdentifier>
    </Filter>
    <Filter Include="System">
      <UniqueIdentifier>{d0546883-a300-4117-ba9f-f7c00dff3d38}</UniqueIdentifier>
    </Filter>
    <Filter Include="Action">
      <UniqueIdentifier>{59edfd0a-9cd7-4394-bffe-59c7d0fdf0c9}</UniqueIdentifier>
    </Filter>
  </ItemGroup>
  <ItemGroup>
    <ClCompile Include="main.cpp">
      <Filter>Main</Filter>
    </ClCompile>
    <ClCompile Include="Scene.cpp">
      <Filter>Scene</Filter>
    </ClCompile>
    <ClCompile Include="SceneLoader.cpp">
      <Filter>Scene</Filter>
    </ClCompile>
    <ClCompile Include="SceneMenu.cpp">
      <Filter>Scene</Filter>
    </ClCompile>
    <ClCompile Include="ScenePlay.cpp">
      <Filter>Scene</Filter>
    </ClCompile>
    <ClCompile Include="ContactListener.cpp">
      <Filter>Source Files</Filter>
    </ClCompile>
    <ClCompile Include="GameSystem.cpp">
      <Filter>System</Filter>
    </ClCompile>
    <ClCompile Include="BaseGameSystem.cpp">
      <Filter>System</Filter>
    </ClCompile>
    <ClCompile Include="Action.cpp">
      <Filter>Action</Filter>
    </ClCompile>
    <ClCompile Include="ActionBinder.cpp">
      <Filter>Action</Filter>
    </ClCompile>
  </ItemGroup>
  <ItemGroup>
    <ClInclude Include="Component.hpp">
      <Filter>Header Files</Filter>
    </ClInclude>
    <ClInclude Include="Config.hpp">
      <Filter>Header Files</Filter>
    </ClInclude>
    <ClInclude Include="ScenePlay.hpp">
      <Filter>Scene</Filter>
    </ClInclude>
    <ClInclude Include="Scene.hpp">
      <Filter>Scene</Filter>
    </ClInclude>
    <ClInclude Include="SceneLoader.hpp">
      <Filter>Scene</Filter>
    </ClInclude>
    <ClInclude Include="SceneMenu.hpp">
      <Filter>Scene</Filter>
    </ClInclude>
    <ClInclude Include="ContactListener.hpp">
      <Filter>Header Files</Filter>
    </ClInclude>
    <ClInclude Include="GameSystem.hpp">
      <Filter>System</Filter>
    </ClInclude>
    <ClInclude Include="BaseGameSystem.hpp">
      <Filter>System</Filter>
    </ClInclude>
    <ClInclude Include="Action.hpp">
      <Filter>Action</Filter>
    </ClInclude>
    <ClInclude Include="ActionBinder.hpp">
      <Filter>Action</Filter>
    </ClInclude>
  </ItemGroup>
</Project>