<?xml version="1.0" encoding="utf-8"?>
<Project ToolsVersion="4.0" xmlns="http://schemas.microsoft.com/developer/msbuild/2003">
  <ItemGroup>
    <Filter Include="Main">
      <UniqueIdentifier>{098efe17-51f0-4860-b653-ec547c6226c0}</UniqueIdentifier>
    </Filter>
    <Filter Include="Scene">
      <UniqueIdentifier>{7df19ca0-535c-45fa-8a24-c2fdd361716d}</UniqueIdentifier>
    </Filter>
    <Filter Include="System">
      <UniqueIdentifier>{d0546883-a300-4117-ba9f-f7c00dff3d38}</UniqueIdentifier>
    </Filter>
    <Filter Include="Action">
      <UniqueIdentifier>{59edfd0a-9cd7-4394-bffe-59c7d0fdf0c9}</UniqueIdentifier>
    </Filter>
    <Filter Include="Common">
      <UniqueIdentifier>{cc024f5e-7ba9-41bc-8a19-66827d3040f8}</UniqueIdentifier>
    </Filter>
    <Filter Include="UI">
      <UniqueIdentifier>{46a57eff-e2c8-4415-9236-f84fe6a0f71a}</UniqueIdentifier>
    </Filter>
    <Filter Include="Asset">
      <UniqueIdentifier>{6927362d-f8e8-4452-b3d4-ee8f1fce2923}</UniqueIdentifier>
    </Filter>
  </ItemGroup>
  <ItemGroup>
    <ClCompile Include="main.cpp">
      <Filter>Main</Filter>
    </ClCompile>
    <ClCompile Include="Scene.cpp">
      <Filter>Scene</Filter>
    </ClCompile>
    <ClCompile Include="SceneLoader.cpp">
      <Filter>Scene</Filter>
    </ClCompile>
    <ClCompile Include="SceneMenu.cpp">
      <Filter>Scene</Filter>
    </ClCompile>
    <ClCompile Include="ScenePlay.cpp">
      <Filter>Scene</Filter>
    </ClCompile>
    <ClCompile Include="GameSystem.cpp">
      <Filter>System</Filter>
    </ClCompile>
    <ClCompile Include="BaseGameSystem.cpp">
      <Filter>System</Filter>
    </ClCompile>
    <ClCompile Include="Action.cpp">
      <Filter>Action</Filter>
    </ClCompile>
    <ClCompile Include="ActionBinder.cpp">
      <Filter>Action</Filter>
    </ClCompile>
    <ClCompile Include="ContactListener.cpp">
      <Filter>Common</Filter>
    </ClCompile>
    <ClCompile Include="EntityFactory.cpp">
      <Filter>Common</Filter>
    </ClCompile>
    <ClCompile Include="UINode.cpp">
      <Filter>UI</Filter>
    </ClCompile>
    <ClCompile Include="UILeaf.cpp">
      <Filter>UI</Filter>
    </ClCompile>
    <ClCompile Include="UIInternalNode.cpp">
      <Filter>UI</Filter>
    </ClCompile>
    <ClCompile Include="UIRoot.cpp">
      <Filter>UI</Filter>
    </ClCompile>
    <ClCompile Include="AssetManager.cpp">
      <Filter>Asset</Filter>
    </ClCompile>
    <ClCompile Include="UIFactory.cpp">
      <Filter>UI</Filter>
    </ClCompile>
  </ItemGroup>
  <ItemGroup>
    <ClInclude Include="ScenePlay.hpp">
      <Filter>Scene</Filter>
    </ClInclude>
    <ClInclude Include="Scene.hpp">
      <Filter>Scene</Filter>
    </ClInclude>
    <ClInclude Include="SceneLoader.hpp">
      <Filter>Scene</Filter>
    </ClInclude>
    <ClInclude Include="SceneMenu.hpp">
      <Filter>Scene</Filter>
    </ClInclude>
    <ClInclude Include="GameSystem.hpp">
      <Filter>System</Filter>
    </ClInclude>
    <ClInclude Include="BaseGameSystem.hpp">
      <Filter>System</Filter>
    </ClInclude>
    <ClInclude Include="Action.hpp">
      <Filter>Action</Filter>
    </ClInclude>
    <ClInclude Include="ActionBinder.hpp">
      <Filter>Action</Filter>
    </ClInclude>
    <ClInclude Include="Component.hpp">
      <Filter>Common</Filter>
    </ClInclude>
    <ClInclude Include="Config.hpp">
      <Filter>Common</Filter>
    </ClInclude>
    <ClInclude Include="ContactListener.hpp">
      <Filter>Common</Filter>
    </ClInclude>
    <ClInclude Include="EntityFactory.hpp">
      <Filter>Common</Filter>
    </ClInclude>
    <ClInclude Include="UINode.hpp">
      <Filter>UI</Filter>
    </ClInclude>
    <ClInclude Include="UILeaf.hpp">
      <Filter>UI</Filter>
    </ClInclude>
    <ClInclude Include="UIInternalNode.hpp">
      <Filter>UI</Filter>
    </ClInclude>
    <ClInclude Include="UIRoot.hpp">
      <Filter>UI</Filter>
    </ClInclude>
    <ClInclude Include="AssetManager.hpp">
      <Filter>Asset</Filter>
    </ClInclude>
    <ClInclude Include="UIFactory.hpp">
      <Filter>UI</Filter>
    </ClInclude>
  </ItemGroup>
</Project>